
Microsoft Visual Studio Solution File, Format Version 12.00
# Visual Studio Version 16
VisualStudioVersion = 16.0.30717.126
MinimumVisualStudioVersion = 10.0.40219.1
Project("{FAE04EC0-301F-11D3-BF4B-00C04F79EFBC}") = "BattleShip", "BattleShip\BattleShip.csproj", "{030AC0B4-73EB-41C1-83D3-124BC8A23441}"
EndProject
Global
	GlobalSection(SolutionConfigurationPlatforms) = preSolution
		Debug|Any CPU = Debug|Any CPU
		Release|Any CPU = Release|Any CPU
	EndGlobalSection
	GlobalSection(ProjectConfigurationPlatforms) = postSolution
		{030AC0B4-73EB-41C1-83D3-124BC8A23441}.Debug|Any CPU.ActiveCfg = Debug|Any CPU
		{030AC0B4-73EB-41C1-83D3-124BC8A23441}.Debug|Any CPU.Build.0 = Debug|Any CPU
		{030AC0B4-73EB-41C1-83D3-124BC8A23441}.Release|Any CPU.ActiveCfg = Release|Any CPU
		{030AC0B4-73EB-41C1-83D3-124BC8A23441}.Release|Any CPU.Build.0 = Release|Any CPU
	EndGlobalSection
	GlobalSection(SolutionProperties) = preSolution
		HideSolutionNode = FALSE
	EndGlobalSection
	GlobalSection(ExtensibilityGlobals) = postSolution
		SolutionGuid = {E9613601-8A1B-4C39-8D99-30EF09ECA5F1}
	EndGlobalSection
EndGlobal
